
Microsoft Visual Studio Solution File, Format Version 12.00
# Visual Studio Version 16
VisualStudioVersion = 16.0.29709.97
MinimumVisualStudioVersion = 10.0.40219.1
Project("{9A19103F-16F7-4668-BE54-9A1E7A4F7556}") = "CSC4151-Backend-Perimeter", "CSC4151-Backend-Perimeter\CSC4151-Backend-Perimeter.csproj", "{AFEDD669-8408-4BB9-8EB5-B197BD01D36E}"
EndProject
Project("{9A19103F-16F7-4668-BE54-9A1E7A4F7556}") = "Domain", "Domain\Domain.csproj", "{259366C6-4920-4F28-85C8-DF340E329B47}"
EndProject
Project("{9A19103F-16F7-4668-BE54-9A1E7A4F7556}") = "EndToEndTests", "EndToEndTests\EndToEndTests.csproj", "{453B4557-9251-4B4C-A6D1-50A6EE3BEF96}"
EndProject
Global
	GlobalSection(SolutionConfigurationPlatforms) = preSolution
		Debug|Any CPU = Debug|Any CPU
		Release|Any CPU = Release|Any CPU
	EndGlobalSection
	GlobalSection(ProjectConfigurationPlatforms) = postSolution
		{AFEDD669-8408-4BB9-8EB5-B197BD01D36E}.Debug|Any CPU.ActiveCfg = Debug|Any CPU
		{AFEDD669-8408-4BB9-8EB5-B197BD01D36E}.Debug|Any CPU.Build.0 = Debug|Any CPU
		{AFEDD669-8408-4BB9-8EB5-B197BD01D36E}.Release|Any CPU.ActiveCfg = Release|Any CPU
		{AFEDD669-8408-4BB9-8EB5-B197BD01D36E}.Release|Any CPU.Build.0 = Release|Any CPU
		{259366C6-4920-4F28-85C8-DF340E329B47}.Debug|Any CPU.ActiveCfg = Debug|Any CPU
		{259366C6-4920-4F28-85C8-DF340E329B47}.Debug|Any CPU.Build.0 = Debug|Any CPU
		{259366C6-4920-4F28-85C8-DF340E329B47}.Release|Any CPU.ActiveCfg = Release|Any CPU
		{259366C6-4920-4F28-85C8-DF340E329B47}.Release|Any CPU.Build.0 = Release|Any CPU
		{453B4557-9251-4B4C-A6D1-50A6EE3BEF96}.Debug|Any CPU.ActiveCfg = Debug|Any CPU
		{453B4557-9251-4B4C-A6D1-50A6EE3BEF96}.Debug|Any CPU.Build.0 = Debug|Any CPU
		{453B4557-9251-4B4C-A6D1-50A6EE3BEF96}.Release|Any CPU.ActiveCfg = Release|Any CPU
		{453B4557-9251-4B4C-A6D1-50A6EE3BEF96}.Release|Any CPU.Build.0 = Release|Any CPU
	EndGlobalSection
	GlobalSection(SolutionProperties) = preSolution
		HideSolutionNode = FALSE
	EndGlobalSection
	GlobalSection(ExtensibilityGlobals) = postSolution
		SolutionGuid = {FA21C0B7-C0F3-49D8-B67E-20D0E67F5779}
	EndGlobalSection
EndGlobal
